
Microsoft Visual Studio Solution File, Format Version 12.00
# Visual Studio Version 17
VisualStudioVersion = 17.5.33516.290
MinimumVisualStudioVersion = 10.0.40219.1
Project("{FAE04EC0-301F-11D3-BF4B-00C04F79EFBC}") = "DOB.ApiDotNet6.Api", "DOG.BANK\DOB.ApiDotNet6.Api.csproj", "{F6A4665A-0634-4A56-B9D1-DB52EA9741A7}"
EndProject
Project("{FAE04EC0-301F-11D3-BF4B-00C04F79EFBC}") = "DOB.ApiDotNet6.Application", "DOB.ApiDotNet6.Application\DOB.ApiDotNet6.Application.csproj", "{5467663E-30FA-4767-B782-F80A2B019B42}"
EndProject
Project("{FAE04EC0-301F-11D3-BF4B-00C04F79EFBC}") = "DOB.ApiDotNet6.Domain", "DOB.ApiDotNet6.Domain\DOB.ApiDotNet6.Domain.csproj", "{394D50D3-99B5-494E-8E00-B1BD337EE33C}"
EndProject
Project("{FAE04EC0-301F-11D3-BF4B-00C04F79EFBC}") = "DOB.ApiDotNet6.Infra.Data", "DOB.ApiDotNet6.Infra.Data\DOB.ApiDotNet6.Infra.Data.csproj", "{3D8691E7-4ADF-4DC3-965C-DE2F82C8237B}"
EndProject
Project("{FAE04EC0-301F-11D3-BF4B-00C04F79EFBC}") = "DOB.ApiDotNet6.Infra.Ioc", "DOB.ApiDotNet6.Infra.Ioc\DOB.ApiDotNet6.Infra.Ioc.csproj", "{6A454778-368B-4F1C-B23E-B5859B030FEF}"
EndProject
Global
	GlobalSection(SolutionConfigurationPlatforms) = preSolution
		Debug|Any CPU = Debug|Any CPU
		Release|Any CPU = Release|Any CPU
	EndGlobalSection
	GlobalSection(ProjectConfigurationPlatforms) = postSolution
		{F6A4665A-0634-4A56-B9D1-DB52EA9741A7}.Debug|Any CPU.ActiveCfg = Debug|Any CPU
		{F6A4665A-0634-4A56-B9D1-DB52EA9741A7}.Debug|Any CPU.Build.0 = Debug|Any CPU
		{F6A4665A-0634-4A56-B9D1-DB52EA9741A7}.Release|Any CPU.ActiveCfg = Release|Any CPU
		{F6A4665A-0634-4A56-B9D1-DB52EA9741A7}.Release|Any CPU.Build.0 = Release|Any CPU
		{5467663E-30FA-4767-B782-F80A2B019B42}.Debug|Any CPU.ActiveCfg = Debug|Any CPU
		{5467663E-30FA-4767-B782-F80A2B019B42}.Debug|Any CPU.Build.0 = Debug|Any CPU
		{5467663E-30FA-4767-B782-F80A2B019B42}.Release|Any CPU.ActiveCfg = Release|Any CPU
		{5467663E-30FA-4767-B782-F80A2B019B42}.Release|Any CPU.Build.0 = Release|Any CPU
		{394D50D3-99B5-494E-8E00-B1BD337EE33C}.Debug|Any CPU.ActiveCfg = Debug|Any CPU
		{394D50D3-99B5-494E-8E00-B1BD337EE33C}.Debug|Any CPU.Build.0 = Debug|Any CPU
		{394D50D3-99B5-494E-8E00-B1BD337EE33C}.Release|Any CPU.ActiveCfg = Release|Any CPU
		{394D50D3-99B5-494E-8E00-B1BD337EE33C}.Release|Any CPU.Build.0 = Release|Any CPU
		{3D8691E7-4ADF-4DC3-965C-DE2F82C8237B}.Debug|Any CPU.ActiveCfg = Debug|Any CPU
		{3D8691E7-4ADF-4DC3-965C-DE2F82C8237B}.Debug|Any CPU.Build.0 = Debug|Any CPU
		{3D8691E7-4ADF-4DC3-965C-DE2F82C8237B}.Release|Any CPU.ActiveCfg = Release|Any CPU
		{3D8691E7-4ADF-4DC3-965C-DE2F82C8237B}.Release|Any CPU.Build.0 = Release|Any CPU
		{6A454778-368B-4F1C-B23E-B5859B030FEF}.Debug|Any CPU.ActiveCfg = Debug|Any CPU
		{6A454778-368B-4F1C-B23E-B5859B030FEF}.Debug|Any CPU.Build.0 = Debug|Any CPU
		{6A454778-368B-4F1C-B23E-B5859B030FEF}.Release|Any CPU.ActiveCfg = Release|Any CPU
		{6A454778-368B-4F1C-B23E-B5859B030FEF}.Release|Any CPU.Build.0 = Release|Any CPU
	EndGlobalSection
	GlobalSection(SolutionProperties) = preSolution
		HideSolutionNode = FALSE
	EndGlobalSection
	GlobalSection(ExtensibilityGlobals) = postSolution
		SolutionGuid = {3EBB5396-2C1E-4117-9E6B-BB982594B83E}
	EndGlobalSection
EndGlobal
