
Microsoft Visual Studio Solution File, Format Version 12.00
# Visual Studio 15
VisualStudioVersion = 15.0.26124.0
MinimumVisualStudioVersion = 15.0.26124.0
Project("{FAE04EC0-301F-11D3-BF4B-00C04F79EFBC}") = "Api.Application", "Api.Application\Api.Application.csproj", "{6CE594CC-6D07-445D-B4E1-E375A66009E8}"
EndProject
Project("{FAE04EC0-301F-11D3-BF4B-00C04F79EFBC}") = "Domain", "Api.Domain\Domain.csproj", "{8E018934-EA49-455C-BD25-5DF169F09860}"
EndProject
Project("{FAE04EC0-301F-11D3-BF4B-00C04F79EFBC}") = "CrossCutting", "Api.CrossCutting\CrossCutting.csproj", "{F765A7D8-C584-4214-B179-44B3F65C2F0C}"
EndProject
Project("{FAE04EC0-301F-11D3-BF4B-00C04F79EFBC}") = "Data", "Api.Data\Data.csproj", "{360BC535-6F00-4576-A48A-25CE4DF06AF2}"
EndProject
Project("{FAE04EC0-301F-11D3-BF4B-00C04F79EFBC}") = "Service", "Api.Service\Service.csproj", "{07FF9399-B7EE-4D7D-97CB-96497DDB37F8}"
EndProject
Project("{FAE04EC0-301F-11D3-BF4B-00C04F79EFBC}") = "Api.Data.Test", "Api.Data.Test\Api.Data.Test.csproj", "{E9BF53DA-6733-4CD0-ACA4-331D26BC5891}"
EndProject
Project("{FAE04EC0-301F-11D3-BF4B-00C04F79EFBC}") = "Api.Service.Test", "Api.Service.Test\Api.Service.Test.csproj", "{E90D7BA7-E67C-4EC4-9378-25B6313BAD40}"
EndProject
Project("{FAE04EC0-301F-11D3-BF4B-00C04F79EFBC}") = "Api.Application.Test", "Api.Application.Test\Api.Application.Test.csproj", "{1CB5A7C9-A773-4839-A796-D41395687431}"
EndProject
Project("{FAE04EC0-301F-11D3-BF4B-00C04F79EFBC}") = "Api.Integration.Test", "Api.Integration.Test\Api.Integration.Test.csproj", "{507F8E5A-A4EC-4E03-BD1E-D5EC1999DE37}"
EndProject
Global
	GlobalSection(SolutionConfigurationPlatforms) = preSolution
		Debug|Any CPU = Debug|Any CPU
		Debug|x64 = Debug|x64
		Debug|x86 = Debug|x86
		Release|Any CPU = Release|Any CPU
		Release|x64 = Release|x64
		Release|x86 = Release|x86
	EndGlobalSection
	GlobalSection(SolutionProperties) = preSolution
		HideSolutionNode = FALSE
	EndGlobalSection
	GlobalSection(ProjectConfigurationPlatforms) = postSolution
		{6CE594CC-6D07-445D-B4E1-E375A66009E8}.Debug|Any CPU.ActiveCfg = Debug|Any CPU
		{6CE594CC-6D07-445D-B4E1-E375A66009E8}.Debug|Any CPU.Build.0 = Debug|Any CPU
		{6CE594CC-6D07-445D-B4E1-E375A66009E8}.Debug|x64.ActiveCfg = Debug|Any CPU
		{6CE594CC-6D07-445D-B4E1-E375A66009E8}.Debug|x64.Build.0 = Debug|Any CPU
		{6CE594CC-6D07-445D-B4E1-E375A66009E8}.Debug|x86.ActiveCfg = Debug|Any CPU
		{6CE594CC-6D07-445D-B4E1-E375A66009E8}.Debug|x86.Build.0 = Debug|Any CPU
		{6CE594CC-6D07-445D-B4E1-E375A66009E8}.Release|Any CPU.ActiveCfg = Release|Any CPU
		{6CE594CC-6D07-445D-B4E1-E375A66009E8}.Release|Any CPU.Build.0 = Release|Any CPU
		{6CE594CC-6D07-445D-B4E1-E375A66009E8}.Release|x64.ActiveCfg = Release|Any CPU
		{6CE594CC-6D07-445D-B4E1-E375A66009E8}.Release|x64.Build.0 = Release|Any CPU
		{6CE594CC-6D07-445D-B4E1-E375A66009E8}.Release|x86.ActiveCfg = Release|Any CPU
		{6CE594CC-6D07-445D-B4E1-E375A66009E8}.Release|x86.Build.0 = Release|Any CPU
		{8E018934-EA49-455C-BD25-5DF169F09860}.Debug|Any CPU.ActiveCfg = Debug|Any CPU
		{8E018934-EA49-455C-BD25-5DF169F09860}.Debug|Any CPU.Build.0 = Debug|Any CPU
		{8E018934-EA49-455C-BD25-5DF169F09860}.Debug|x64.ActiveCfg = Debug|Any CPU
		{8E018934-EA49-455C-BD25-5DF169F09860}.Debug|x64.Build.0 = Debug|Any CPU
		{8E018934-EA49-455C-BD25-5DF169F09860}.Debug|x86.ActiveCfg = Debug|Any CPU
		{8E018934-EA49-455C-BD25-5DF169F09860}.Debug|x86.Build.0 = Debug|Any CPU
		{8E018934-EA49-455C-BD25-5DF169F09860}.Release|Any CPU.ActiveCfg = Release|Any CPU
		{8E018934-EA49-455C-BD25-5DF169F09860}.Release|Any CPU.Build.0 = Release|Any CPU
		{8E018934-EA49-455C-BD25-5DF169F09860}.Release|x64.ActiveCfg = Release|Any CPU
		{8E018934-EA49-455C-BD25-5DF169F09860}.Release|x64.Build.0 = Release|Any CPU
		{8E018934-EA49-455C-BD25-5DF169F09860}.Release|x86.ActiveCfg = Release|Any CPU
		{8E018934-EA49-455C-BD25-5DF169F09860}.Release|x86.Build.0 = Release|Any CPU
		{F765A7D8-C584-4214-B179-44B3F65C2F0C}.Debug|Any CPU.ActiveCfg = Debug|Any CPU
		{F765A7D8-C584-4214-B179-44B3F65C2F0C}.Debug|Any CPU.Build.0 = Debug|Any CPU
		{F765A7D8-C584-4214-B179-44B3F65C2F0C}.Debug|x64.ActiveCfg = Debug|Any CPU
		{F765A7D8-C584-4214-B179-44B3F65C2F0C}.Debug|x64.Build.0 = Debug|Any CPU
		{F765A7D8-C584-4214-B179-44B3F65C2F0C}.Debug|x86.ActiveCfg = Debug|Any CPU
		{F765A7D8-C584-4214-B179-44B3F65C2F0C}.Debug|x86.Build.0 = Debug|Any CPU
		{F765A7D8-C584-4214-B179-44B3F65C2F0C}.Release|Any CPU.ActiveCfg = Release|Any CPU
		{F765A7D8-C584-4214-B179-44B3F65C2F0C}.Release|Any CPU.Build.0 = Release|Any CPU
		{F765A7D8-C584-4214-B179-44B3F65C2F0C}.Release|x64.ActiveCfg = Release|Any CPU
		{F765A7D8-C584-4214-B179-44B3F65C2F0C}.Release|x64.Build.0 = Release|Any CPU
		{F765A7D8-C584-4214-B179-44B3F65C2F0C}.Release|x86.ActiveCfg = Release|Any CPU
		{F765A7D8-C584-4214-B179-44B3F65C2F0C}.Release|x86.Build.0 = Release|Any CPU
		{360BC535-6F00-4576-A48A-25CE4DF06AF2}.Debug|Any CPU.ActiveCfg = Debug|Any CPU
		{360BC535-6F00-4576-A48A-25CE4DF06AF2}.Debug|Any CPU.Build.0 = Debug|Any CPU
		{360BC535-6F00-4576-A48A-25CE4DF06AF2}.Debug|x64.ActiveCfg = Debug|Any CPU
		{360BC535-6F00-4576-A48A-25CE4DF06AF2}.Debug|x64.Build.0 = Debug|Any CPU
		{360BC535-6F00-4576-A48A-25CE4DF06AF2}.Debug|x86.ActiveCfg = Debug|Any CPU
		{360BC535-6F00-4576-A48A-25CE4DF06AF2}.Debug|x86.Build.0 = Debug|Any CPU
		{360BC535-6F00-4576-A48A-25CE4DF06AF2}.Release|Any CPU.ActiveCfg = Release|Any CPU
		{360BC535-6F00-4576-A48A-25CE4DF06AF2}.Release|Any CPU.Build.0 = Release|Any CPU
		{360BC535-6F00-4576-A48A-25CE4DF06AF2}.Release|x64.ActiveCfg = Release|Any CPU
		{360BC535-6F00-4576-A48A-25CE4DF06AF2}.Release|x64.Build.0 = Release|Any CPU
		{360BC535-6F00-4576-A48A-25CE4DF06AF2}.Release|x86.ActiveCfg = Release|Any CPU
		{360BC535-6F00-4576-A48A-25CE4DF06AF2}.Release|x86.Build.0 = Release|Any CPU
		{07FF9399-B7EE-4D7D-97CB-96497DDB37F8}.Debug|Any CPU.ActiveCfg = Debug|Any CPU
		{07FF9399-B7EE-4D7D-97CB-96497DDB37F8}.Debug|Any CPU.Build.0 = Debug|Any CPU
		{07FF9399-B7EE-4D7D-97CB-96497DDB37F8}.Debug|x64.ActiveCfg = Debug|Any CPU
		{07FF9399-B7EE-4D7D-97CB-96497DDB37F8}.Debug|x64.Build.0 = Debug|Any CPU
		{07FF9399-B7EE-4D7D-97CB-96497DDB37F8}.Debug|x86.ActiveCfg = Debug|Any CPU
		{07FF9399-B7EE-4D7D-97CB-96497DDB37F8}.Debug|x86.Build.0 = Debug|Any CPU
		{07FF9399-B7EE-4D7D-97CB-96497DDB37F8}.Release|Any CPU.ActiveCfg = Release|Any CPU
		{07FF9399-B7EE-4D7D-97CB-96497DDB37F8}.Release|Any CPU.Build.0 = Release|Any CPU
		{07FF9399-B7EE-4D7D-97CB-96497DDB37F8}.Release|x64.ActiveCfg = Release|Any CPU
		{07FF9399-B7EE-4D7D-97CB-96497DDB37F8}.Release|x64.Build.0 = Release|Any CPU
		{07FF9399-B7EE-4D7D-97CB-96497DDB37F8}.Release|x86.ActiveCfg = Release|Any CPU
		{07FF9399-B7EE-4D7D-97CB-96497DDB37F8}.Release|x86.Build.0 = Release|Any CPU
		{E9BF53DA-6733-4CD0-ACA4-331D26BC5891}.Debug|Any CPU.ActiveCfg = Debug|Any CPU
		{E9BF53DA-6733-4CD0-ACA4-331D26BC5891}.Debug|Any CPU.Build.0 = Debug|Any CPU
		{E9BF53DA-6733-4CD0-ACA4-331D26BC5891}.Debug|x64.ActiveCfg = Debug|Any CPU
		{E9BF53DA-6733-4CD0-ACA4-331D26BC5891}.Debug|x64.Build.0 = Debug|Any CPU
		{E9BF53DA-6733-4CD0-ACA4-331D26BC5891}.Debug|x86.ActiveCfg = Debug|Any CPU
		{E9BF53DA-6733-4CD0-ACA4-331D26BC5891}.Debug|x86.Build.0 = Debug|Any CPU
		{E9BF53DA-6733-4CD0-ACA4-331D26BC5891}.Release|Any CPU.ActiveCfg = Release|Any CPU
		{E9BF53DA-6733-4CD0-ACA4-331D26BC5891}.Release|Any CPU.Build.0 = Release|Any CPU
		{E9BF53DA-6733-4CD0-ACA4-331D26BC5891}.Release|x64.ActiveCfg = Release|Any CPU
		{E9BF53DA-6733-4CD0-ACA4-331D26BC5891}.Release|x64.Build.0 = Release|Any CPU
		{E9BF53DA-6733-4CD0-ACA4-331D26BC5891}.Release|x86.ActiveCfg = Release|Any CPU
		{E9BF53DA-6733-4CD0-ACA4-331D26BC5891}.Release|x86.Build.0 = Release|Any CPU
		{E90D7BA7-E67C-4EC4-9378-25B6313BAD40}.Debug|Any CPU.ActiveCfg = Debug|Any CPU
		{E90D7BA7-E67C-4EC4-9378-25B6313BAD40}.Debug|Any CPU.Build.0 = Debug|Any CPU
		{E90D7BA7-E67C-4EC4-9378-25B6313BAD40}.Debug|x64.ActiveCfg = Debug|Any CPU
		{E90D7BA7-E67C-4EC4-9378-25B6313BAD40}.Debug|x64.Build.0 = Debug|Any CPU
		{E90D7BA7-E67C-4EC4-9378-25B6313BAD40}.Debug|x86.ActiveCfg = Debug|Any CPU
		{E90D7BA7-E67C-4EC4-9378-25B6313BAD40}.Debug|x86.Build.0 = Debug|Any CPU
		{E90D7BA7-E67C-4EC4-9378-25B6313BAD40}.Release|Any CPU.ActiveCfg = Release|Any CPU
		{E90D7BA7-E67C-4EC4-9378-25B6313BAD40}.Release|Any CPU.Build.0 = Release|Any CPU
		{E90D7BA7-E67C-4EC4-9378-25B6313BAD40}.Release|x64.ActiveCfg = Release|Any CPU
		{E90D7BA7-E67C-4EC4-9378-25B6313BAD40}.Release|x64.Build.0 = Release|Any CPU
		{E90D7BA7-E67C-4EC4-9378-25B6313BAD40}.Release|x86.ActiveCfg = Release|Any CPU
		{E90D7BA7-E67C-4EC4-9378-25B6313BAD40}.Release|x86.Build.0 = Release|Any CPU
		{1CB5A7C9-A773-4839-A796-D41395687431}.Debug|Any CPU.ActiveCfg = Debug|Any CPU
		{1CB5A7C9-A773-4839-A796-D41395687431}.Debug|Any CPU.Build.0 = Debug|Any CPU
		{1CB5A7C9-A773-4839-A796-D41395687431}.Debug|x64.ActiveCfg = Debug|Any CPU
		{1CB5A7C9-A773-4839-A796-D41395687431}.Debug|x64.Build.0 = Debug|Any CPU
		{1CB5A7C9-A773-4839-A796-D41395687431}.Debug|x86.ActiveCfg = Debug|Any CPU
		{1CB5A7C9-A773-4839-A796-D41395687431}.Debug|x86.Build.0 = Debug|Any CPU
		{1CB5A7C9-A773-4839-A796-D41395687431}.Release|Any CPU.ActiveCfg = Release|Any CPU
		{1CB5A7C9-A773-4839-A796-D41395687431}.Release|Any CPU.Build.0 = Release|Any CPU
		{1CB5A7C9-A773-4839-A796-D41395687431}.Release|x64.ActiveCfg = Release|Any CPU
		{1CB5A7C9-A773-4839-A796-D41395687431}.Release|x64.Build.0 = Release|Any CPU
		{1CB5A7C9-A773-4839-A796-D41395687431}.Release|x86.ActiveCfg = Release|Any CPU
		{1CB5A7C9-A773-4839-A796-D41395687431}.Release|x86.Build.0 = Release|Any CPU
		{507F8E5A-A4EC-4E03-BD1E-D5EC1999DE37}.Debug|Any CPU.ActiveCfg = Debug|Any CPU
		{507F8E5A-A4EC-4E03-BD1E-D5EC1999DE37}.Debug|Any CPU.Build.0 = Debug|Any CPU
		{507F8E5A-A4EC-4E03-BD1E-D5EC1999DE37}.Debug|x64.ActiveCfg = Debug|Any CPU
		{507F8E5A-A4EC-4E03-BD1E-D5EC1999DE37}.Debug|x64.Build.0 = Debug|Any CPU
		{507F8E5A-A4EC-4E03-BD1E-D5EC1999DE37}.Debug|x86.ActiveCfg = Debug|Any CPU
		{507F8E5A-A4EC-4E03-BD1E-D5EC1999DE37}.Debug|x86.Build.0 = Debug|Any CPU
		{507F8E5A-A4EC-4E03-BD1E-D5EC1999DE37}.Release|Any CPU.ActiveCfg = Release|Any CPU
		{507F8E5A-A4EC-4E03-BD1E-D5EC1999DE37}.Release|Any CPU.Build.0 = Release|Any CPU
		{507F8E5A-A4EC-4E03-BD1E-D5EC1999DE37}.Release|x64.ActiveCfg = Release|Any CPU
		{507F8E5A-A4EC-4E03-BD1E-D5EC1999DE37}.Release|x64.Build.0 = Release|Any CPU
		{507F8E5A-A4EC-4E03-BD1E-D5EC1999DE37}.Release|x86.ActiveCfg = Release|Any CPU
		{507F8E5A-A4EC-4E03-BD1E-D5EC1999DE37}.Release|x86.Build.0 = Release|Any CPU
	EndGlobalSection
EndGlobal
